
Microsoft Visual Studio Solution File, Format Version 12.00
# Visual Studio Version 16
VisualStudioVersion = 16.0.28917.182
MinimumVisualStudioVersion = 10.0.40219.1
Project("{2150E333-8FDC-42A3-9474-1A3956D46DE8}") = "Solution Items", "Solution Items", "{E9C7CD12-BB82-46FF-AE3C-800FCFA3436D}"
	ProjectSection(SolutionItems) = preProject
		readme.md = readme.md
	EndProjectSection
EndProject
Project("{2150E333-8FDC-42A3-9474-1A3956D46DE8}") = "src", "src", "{2DB1C29F-4E2A-48FC-9092-F9CA97D5C1D2}"
EndProject
Project("{9A19103F-16F7-4668-BE54-9A1E7A4F7556}") = "OrleansBlazor.Grains", "src\OrleansBlazor.Grains\OrleansBlazor.Grains.csproj", "{DB1EB599-1ACF-4FE9-8461-9508319E3740}"
EndProject
Project("{9A19103F-16F7-4668-BE54-9A1E7A4F7556}") = "OrleansBlazor.Grains.Interfaces", "src\OrleansBlazor.Grains.Interfaces\OrleansBlazor.Grains.Interfaces.csproj", "{25ACC2D8-4365-409B-94C8-1A5429BBC655}"
EndProject
Project("{9A19103F-16F7-4668-BE54-9A1E7A4F7556}") = "OrleansBlazor.Silo", "src\OrleansBlazor.Silo\OrleansBlazor.Silo.csproj", "{8FCFC2BD-1DA8-412E-A428-35ED5DE94689}"
EndProject
Global
	GlobalSection(SolutionConfigurationPlatforms) = preSolution
		Debug|Any CPU = Debug|Any CPU
		Release|Any CPU = Release|Any CPU
	EndGlobalSection
	GlobalSection(ProjectConfigurationPlatforms) = postSolution
		{DB1EB599-1ACF-4FE9-8461-9508319E3740}.Debug|Any CPU.ActiveCfg = Debug|Any CPU
		{DB1EB599-1ACF-4FE9-8461-9508319E3740}.Debug|Any CPU.Build.0 = Debug|Any CPU
		{DB1EB599-1ACF-4FE9-8461-9508319E3740}.Release|Any CPU.ActiveCfg = Release|Any CPU
		{DB1EB599-1ACF-4FE9-8461-9508319E3740}.Release|Any CPU.Build.0 = Release|Any CPU
		{25ACC2D8-4365-409B-94C8-1A5429BBC655}.Debug|Any CPU.ActiveCfg = Debug|Any CPU
		{25ACC2D8-4365-409B-94C8-1A5429BBC655}.Debug|Any CPU.Build.0 = Debug|Any CPU
		{25ACC2D8-4365-409B-94C8-1A5429BBC655}.Release|Any CPU.ActiveCfg = Release|Any CPU
		{25ACC2D8-4365-409B-94C8-1A5429BBC655}.Release|Any CPU.Build.0 = Release|Any CPU
		{8FCFC2BD-1DA8-412E-A428-35ED5DE94689}.Debug|Any CPU.ActiveCfg = Debug|Any CPU
		{8FCFC2BD-1DA8-412E-A428-35ED5DE94689}.Debug|Any CPU.Build.0 = Debug|Any CPU
		{8FCFC2BD-1DA8-412E-A428-35ED5DE94689}.Release|Any CPU.ActiveCfg = Release|Any CPU
		{8FCFC2BD-1DA8-412E-A428-35ED5DE94689}.Release|Any CPU.Build.0 = Release|Any CPU
	EndGlobalSection
	GlobalSection(SolutionProperties) = preSolution
		HideSolutionNode = FALSE
	EndGlobalSection
	GlobalSection(NestedProjects) = preSolution
		{DB1EB599-1ACF-4FE9-8461-9508319E3740} = {2DB1C29F-4E2A-48FC-9092-F9CA97D5C1D2}
		{25ACC2D8-4365-409B-94C8-1A5429BBC655} = {2DB1C29F-4E2A-48FC-9092-F9CA97D5C1D2}
		{8FCFC2BD-1DA8-412E-A428-35ED5DE94689} = {2DB1C29F-4E2A-48FC-9092-F9CA97D5C1D2}
	EndGlobalSection
	GlobalSection(ExtensibilityGlobals) = postSolution
		SolutionGuid = {D36B6F44-9231-4AC4-AACC-55182626CEF0}
	EndGlobalSection
EndGlobal
